
Microsoft Visual Studio Solution File, Format Version 12.00
# Visual Studio 15
VisualStudioVersion = 15.0.27130.0
MinimumVisualStudioVersion = 10.0.40219.1
Project("{FAE04EC0-301F-11D3-BF4B-00C04F79EFBC}") = "PrivilegesAuth", "PrivilegesAuth\PrivilegesAuth.csproj", "{CC32C771-C19B-4250-AFF1-BDF714CF5C2E}"
EndProject
Project("{FAE04EC0-301F-11D3-BF4B-00C04F79EFBC}") = "Infrastructure.Security", "Infrastructure.Security\Infrastructure.Security.csproj", "{B516E943-AD64-4CA9-815F-AF8562E2F1BA}"
EndProject
Global
	GlobalSection(SolutionConfigurationPlatforms) = preSolution
		Debug|Any CPU = Debug|Any CPU
		Release|Any CPU = Release|Any CPU
	EndGlobalSection
	GlobalSection(ProjectConfigurationPlatforms) = postSolution
		{CC32C771-C19B-4250-AFF1-BDF714CF5C2E}.Debug|Any CPU.ActiveCfg = Debug|Any CPU
		{CC32C771-C19B-4250-AFF1-BDF714CF5C2E}.Debug|Any CPU.Build.0 = Debug|Any CPU
		{CC32C771-C19B-4250-AFF1-BDF714CF5C2E}.Release|Any CPU.ActiveCfg = Release|Any CPU
		{CC32C771-C19B-4250-AFF1-BDF714CF5C2E}.Release|Any CPU.Build.0 = Release|Any CPU
		{B516E943-AD64-4CA9-815F-AF8562E2F1BA}.Debug|Any CPU.ActiveCfg = Debug|Any CPU
		{B516E943-AD64-4CA9-815F-AF8562E2F1BA}.Debug|Any CPU.Build.0 = Debug|Any CPU
		{B516E943-AD64-4CA9-815F-AF8562E2F1BA}.Release|Any CPU.ActiveCfg = Release|Any CPU
		{B516E943-AD64-4CA9-815F-AF8562E2F1BA}.Release|Any CPU.Build.0 = Release|Any CPU
	EndGlobalSection
	GlobalSection(SolutionProperties) = preSolution
		HideSolutionNode = FALSE
	EndGlobalSection
	GlobalSection(ExtensibilityGlobals) = postSolution
		SolutionGuid = {70C768E6-ED68-4A7C-A686-F1906355C8CD}
	EndGlobalSection
EndGlobal
